
Microsoft Visual Studio Solution File, Format Version 12.00
# Visual Studio 15
VisualStudioVersion = 15.0.28307.421
MinimumVisualStudioVersion = 10.0.40219.1
Project("{FAE04EC0-301F-11D3-BF4B-00C04F79EFBC}") = "DouStatisticsWebApi", "DouStatisticsWebApi\DouStatisticsWebApi.csproj", "{73057C27-97C5-4B00-BE17-9040DE396E0D}"
EndProject
Project("{FAE04EC0-301F-11D3-BF4B-00C04F79EFBC}") = "DataAnalysis", "DataAnalysis\DataAnalysis.csproj", "{CAD70EE0-E259-425D-A60C-1A9F3A834E6C}"
EndProject
Project("{FAE04EC0-301F-11D3-BF4B-00C04F79EFBC}") = "DouStatistics.DAL", "..\DouStatisticsWS\DouStatistics.DAL\DouStatistics.DAL.csproj", "{4A9D4476-410A-4C5D-9697-98A0D6D17F01}"
EndProject
Project("{FAE04EC0-301F-11D3-BF4B-00C04F79EFBC}") = "DataAnalysisTests", "DataAnalysisTests\DataAnalysisTests.csproj", "{0EAF8902-0E3F-47D7-B9D5-287D50B3A517}"
EndProject
Global
	GlobalSection(SolutionConfigurationPlatforms) = preSolution
		Debug|Any CPU = Debug|Any CPU
		Release|Any CPU = Release|Any CPU
	EndGlobalSection
	GlobalSection(ProjectConfigurationPlatforms) = postSolution
		{73057C27-97C5-4B00-BE17-9040DE396E0D}.Debug|Any CPU.ActiveCfg = Debug|Any CPU
		{73057C27-97C5-4B00-BE17-9040DE396E0D}.Debug|Any CPU.Build.0 = Debug|Any CPU
		{73057C27-97C5-4B00-BE17-9040DE396E0D}.Release|Any CPU.ActiveCfg = Release|Any CPU
		{73057C27-97C5-4B00-BE17-9040DE396E0D}.Release|Any CPU.Build.0 = Release|Any CPU
		{CAD70EE0-E259-425D-A60C-1A9F3A834E6C}.Debug|Any CPU.ActiveCfg = Debug|Any CPU
		{CAD70EE0-E259-425D-A60C-1A9F3A834E6C}.Debug|Any CPU.Build.0 = Debug|Any CPU
		{CAD70EE0-E259-425D-A60C-1A9F3A834E6C}.Release|Any CPU.ActiveCfg = Release|Any CPU
		{CAD70EE0-E259-425D-A60C-1A9F3A834E6C}.Release|Any CPU.Build.0 = Release|Any CPU
		{4A9D4476-410A-4C5D-9697-98A0D6D17F01}.Debug|Any CPU.ActiveCfg = Debug|Any CPU
		{4A9D4476-410A-4C5D-9697-98A0D6D17F01}.Debug|Any CPU.Build.0 = Debug|Any CPU
		{4A9D4476-410A-4C5D-9697-98A0D6D17F01}.Release|Any CPU.ActiveCfg = Release|Any CPU
		{4A9D4476-410A-4C5D-9697-98A0D6D17F01}.Release|Any CPU.Build.0 = Release|Any CPU
		{0EAF8902-0E3F-47D7-B9D5-287D50B3A517}.Debug|Any CPU.ActiveCfg = Debug|Any CPU
		{0EAF8902-0E3F-47D7-B9D5-287D50B3A517}.Debug|Any CPU.Build.0 = Debug|Any CPU
		{0EAF8902-0E3F-47D7-B9D5-287D50B3A517}.Release|Any CPU.ActiveCfg = Release|Any CPU
		{0EAF8902-0E3F-47D7-B9D5-287D50B3A517}.Release|Any CPU.Build.0 = Release|Any CPU
	EndGlobalSection
	GlobalSection(SolutionProperties) = preSolution
		HideSolutionNode = FALSE
	EndGlobalSection
	GlobalSection(ExtensibilityGlobals) = postSolution
		SolutionGuid = {E5CF2F17-0BF7-4DFB-85C1-1F315422AAAA}
	EndGlobalSection
EndGlobal
